
Microsoft Visual Studio Solution File, Format Version 12.00
# Visual Studio Version 16
VisualStudioVersion = 16.0.30002.166
MinimumVisualStudioVersion = 10.0.40219.1
Project("{FAE04EC0-301F-11D3-BF4B-00C04F79EFBC}") = "Robot Vs Dinosaurs", "Robot Vs Dinosaurs\Robot Vs Dinosaurs.csproj", "{52D01E9E-CFA8-4F9E-9BB2-CDEF5EC1685B}"
EndProject
Global
	GlobalSection(SolutionConfigurationPlatforms) = preSolution
		Debug|Any CPU = Debug|Any CPU
		Release|Any CPU = Release|Any CPU
	EndGlobalSection
	GlobalSection(ProjectConfigurationPlatforms) = postSolution
		{52D01E9E-CFA8-4F9E-9BB2-CDEF5EC1685B}.Debug|Any CPU.ActiveCfg = Debug|Any CPU
		{52D01E9E-CFA8-4F9E-9BB2-CDEF5EC1685B}.Debug|Any CPU.Build.0 = Debug|Any CPU
		{52D01E9E-CFA8-4F9E-9BB2-CDEF5EC1685B}.Release|Any CPU.ActiveCfg = Release|Any CPU
		{52D01E9E-CFA8-4F9E-9BB2-CDEF5EC1685B}.Release|Any CPU.Build.0 = Release|Any CPU
	EndGlobalSection
	GlobalSection(SolutionProperties) = preSolution
		HideSolutionNode = FALSE
	EndGlobalSection
	GlobalSection(ExtensibilityGlobals) = postSolution
		SolutionGuid = {90D5E503-1509-4321-B207-E2D564709D34}
	EndGlobalSection
EndGlobal
